
Microsoft Visual Studio Solution File, Format Version 12.00
# Visual Studio Version 16
VisualStudioVersion = 16.0.29209.62
MinimumVisualStudioVersion = 10.0.40219.1
Project("{8BC9CEB8-8B4A-11D0-8D11-00A0C91BC942}") = "Adventure_Game", "Adventure_Game.vcxproj", "{0A7400B3-4896-4D08-9151-C7C5CC111E7D}"
EndProject
Global
	GlobalSection(SolutionConfigurationPlatforms) = preSolution
		Debug|x64 = Debug|x64
		Debug|x86 = Debug|x86
		Release|x64 = Release|x64
		Release|x86 = Release|x86
	EndGlobalSection
	GlobalSection(ProjectConfigurationPlatforms) = postSolution
		{0A7400B3-4896-4D08-9151-C7C5CC111E7D}.Debug|x64.ActiveCfg = Debug|x64
		{0A7400B3-4896-4D08-9151-C7C5CC111E7D}.Debug|x64.Build.0 = Debug|x64
		{0A7400B3-4896-4D08-9151-C7C5CC111E7D}.Debug|x86.ActiveCfg = Debug|Win32
		{0A7400B3-4896-4D08-9151-C7C5CC111E7D}.Debug|x86.Build.0 = Debug|Win32
		{0A7400B3-4896-4D08-9151-C7C5CC111E7D}.Release|x64.ActiveCfg = Release|x64
		{0A7400B3-4896-4D08-9151-C7C5CC111E7D}.Release|x64.Build.0 = Release|x64
		{0A7400B3-4896-4D08-9151-C7C5CC111E7D}.Release|x86.ActiveCfg = Release|Win32
		{0A7400B3-4896-4D08-9151-C7C5CC111E7D}.Release|x86.Build.0 = Release|Win32
	EndGlobalSection
	GlobalSection(SolutionProperties) = preSolution
		HideSolutionNode = FALSE
	EndGlobalSection
	GlobalSection(ExtensibilityGlobals) = postSolution
		SolutionGuid = {4776FA74-32C4-45E0-BBC6-9FD95A034A55}
	EndGlobalSection
EndGlobal
